// !$*UTF8*$!
{
	archiveVersion = 1;
	classes = {
	};
	objectVersion = 46;
	objects = {

/* Begin PBXBuildFile section */
		2E0142F81D45BF52008895AC /* AppDelegate.swift in Sources */ = {isa = PBXBuildFile; fileRef = 2E0142F71D45BF52008895AC /* AppDelegate.swift */; };
		2E0142FA1D45BF52008895AC /* ViewController.swift in Sources */ = {isa = PBXBuildFile; fileRef = 2E0142F91D45BF52008895AC /* ViewController.swift */; };
		2E0142FF1D45BF52008895AC /* Assets.xcassets in Resources */ = {isa = PBXBuildFile; fileRef = 2E0142FE1D45BF52008895AC /* Assets.xcassets */; };
		2E0143021D45BF52008895AC /* LaunchScreen.storyboard in Resources */ = {isa = PBXBuildFile; fileRef = 2E0143001D45BF52008895AC /* LaunchScreen.storyboard */; };
		2E01430A1D46121E008895AC /* PlayersViewController.swift in Sources */ = {isa = PBXBuildFile; fileRef = 2E0143091D46121E008895AC /* PlayersViewController.swift */; };
		2E0143101D470C8E008895AC /* SampleData.swift in Sources */ = {isa = PBXBuildFile; fileRef = 2E01430F1D470C8E008895AC /* SampleData.swift */; };
		2E0143121D470D09008895AC /* Player.swift in Sources */ = {isa = PBXBuildFile; fileRef = 2E0143111D470D09008895AC /* Player.swift */; };
		2E0143141D474546008895AC /* PlayerCell.swift in Sources */ = {isa = PBXBuildFile; fileRef = 2E0143131D474545008895AC /* PlayerCell.swift */; };
		2E0143161D488A25008895AC /* PlayerDetailsViewController.swift in Sources */ = {isa = PBXBuildFile; fileRef = 2E0143151D488A25008895AC /* PlayerDetailsViewController.swift */; };
		2E01431A1D49E6D4008895AC /* GamePickerViewController.swift in Sources */ = {isa = PBXBuildFile; fileRef = 2E0143191D49E6D4008895AC /* GamePickerViewController.swift */; };
		2EB90BC61D4B012A00B30455 /* Main.storyboard in Resources */ = {isa = PBXBuildFile; fileRef = 2EB90BC41D4B012A00B30455 /* Main.storyboard */; };
/* End PBXBuildFile section */

/* Begin PBXFileReference section */
		2E0142F41D45BF52008895AC /* Ratings.app */ = {isa = PBXFileReference; explicitFileType = wrapper.application; includeInIndex = 0; path = Ratings.app; sourceTree = BUILT_PRODUCTS_DIR; };
		2E0142F71D45BF52008895AC /* AppDelegate.swift */ = {isa = PBXFileReference; lastKnownFileType = sourcecode.swift; path = AppDelegate.swift; sourceTree = "<group>"; };
		2E0142F91D45BF52008895AC /* ViewController.swift */ = {isa = PBXFileReference; lastKnownFileType = sourcecode.swift; path = ViewController.swift; sourceTree = "<group>"; };
		2E0142FE1D45BF52008895AC /* Assets.xcassets */ = {isa = PBXFileReference; lastKnownFileType = folder.assetcatalog; path = Assets.xcassets; sourceTree = "<group>"; };
		2E0143011D45BF52008895AC /* Base */ = {isa = PBXFileReference; lastKnownFileType = file.storyboard; name = Base; path = Base.lproj/LaunchScreen.storyboard; sourceTree = "<group>"; };
		2E0143031D45BF52008895AC /* Info.plist */ = {isa = PBXFileReference; lastKnownFileType = text.plist.xml; path = Info.plist; sourceTree = "<group>"; };
		2E0143091D46121E008895AC /* PlayersViewController.swift */ = {isa = PBXFileReference; fileEncoding = 4; lastKnownFileType = sourcecode.swift; path = PlayersViewController.swift; sourceTree = "<group>"; };
		2E01430F1D470C8E008895AC /* SampleData.swift */ = {isa = PBXFileReference; fileEncoding = 4; lastKnownFileType = sourcecode.swift; path = SampleData.swift; sourceTree = "<group>"; };
		2E0143111D470D09008895AC /* Player.swift */ = {isa = PBXFileReference; fileEncoding = 4; lastKnownFileType = sourcecode.swift; path = Player.swift; sourceTree = "<group>"; };
		2E0143131D474545008895AC /* PlayerCell.swift */ = {isa = PBXFileReference; fileEncoding = 4; lastKnownFileType = sourcecode.swift; path = PlayerCell.swift; sourceTree = "<group>"; };
		2E0143151D488A25008895AC /* PlayerDetailsViewController.swift */ = {isa = PBXFileReference; fileEncoding = 4; lastKnownFileType = sourcecode.swift; path = PlayerDetailsViewController.swift; sourceTree = "<group>"; };
		2E0143191D49E6D4008895AC /* GamePickerViewController.swift */ = {isa = PBXFileReference; fileEncoding = 4; lastKnownFileType = sourcecode.swift; path = GamePickerViewController.swift; sourceTree = "<group>"; };
		2EB90BC51D4B012A00B30455 /* Base */ = {isa = PBXFileReference; lastKnownFileType = file.storyboard; name = Base; path = Base.lproj/Main.storyboard; sourceTree = "<group>"; };
/* End PBXFileReference section */

/* Begin PBXFrameworksBuildPhase section */
		2E0142F11D45BF52008895AC /* Frameworks */ = {
			isa = PBXFrameworksBuildPhase;
			buildActionMask = 2147483647;
			files = (
			);
			runOnlyForDeploymentPostprocessing = 0;
		};
/* End PBXFrameworksBuildPhase section */

/* Begin PBXGroup section */
		2E0142EB1D45BF52008895AC = {
			isa = PBXGroup;
			children = (
				2E0142F61D45BF52008895AC /* Ratings */,
				2E0142F51D45BF52008895AC /* Products */,
			);
			sourceTree = "<group>";
		};
		2E0142F51D45BF52008895AC /* Products */ = {
			isa = PBXGroup;
			children = (
				2E0142F41D45BF52008895AC /* Ratings.app */,
			);
			name = Products;
			sourceTree = "<group>";
		};
		2E0142F61D45BF52008895AC /* Ratings */ = {
			isa = PBXGroup;
			children = (
				2E0142F71D45BF52008895AC /* AppDelegate.swift */,
				2EB90BC41D4B012A00B30455 /* Main.storyboard */,
				2E0142F91D45BF52008895AC /* ViewController.swift */,
				2E0143191D49E6D4008895AC /* GamePickerViewController.swift */,
				2E0143151D488A25008895AC /* PlayerDetailsViewController.swift */,
				2E0143131D474545008895AC /* PlayerCell.swift */,
				2E0143091D46121E008895AC /* PlayersViewController.swift */,
				2E0143111D470D09008895AC /* Player.swift */,
				2E01430F1D470C8E008895AC /* SampleData.swift */,
				2E0142FE1D45BF52008895AC /* Assets.xcassets */,
				2E0143001D45BF52008895AC /* LaunchScreen.storyboard */,
				2E0143031D45BF52008895AC /* Info.plist */,
			);
			path = Ratings;
			sourceTree = "<group>";
		};
/* End PBXGroup section */

/* Begin PBXNativeTarget section */
		2E0142F31D45BF52008895AC /* Ratings */ = {
			isa = PBXNativeTarget;
			buildConfigurationList = 2E0143061D45BF52008895AC /* Build configuration list for PBXNativeTarget "Ratings" */;
			buildPhases = (
				2E0142F01D45BF52008895AC /* Sources */,
				2E0142F11D45BF52008895AC /* Frameworks */,
				2E0142F21D45BF52008895AC /* Resources */,
			);
			buildRules = (
			);
			dependencies = (
			);
			name = Ratings;
			productName = Ratings;
			productReference = 2E0142F41D45BF52008895AC /* Ratings.app */;
			productType = "com.apple.product-type.application";
		};
/* End PBXNativeTarget section */

/* Begin PBXProject section */
		2E0142EC1D45BF52008895AC /* Project object */ = {
			isa = PBXProject;
			attributes = {
				LastSwiftUpdateCheck = 0730;
				LastUpgradeCheck = 0730;
				ORGANIZATIONNAME = china08;
				TargetAttributes = {
					2E0142F31D45BF52008895AC = {
						CreatedOnToolsVersion = 7.3;
					};
				};
			};
			buildConfigurationList = 2E0142EF1D45BF52008895AC /* Build configuration list for PBXProject "Ratings" */;
			compatibilityVersion = "Xcode 3.2";
			developmentRegion = English;
			hasScannedForEncodings = 0;
			knownRegions = (
				en,
				Base,
			);
			mainGroup = 2E0142EB1D45BF52008895AC;
			productRefGroup = 2E0142F51D45BF52008895AC /* Products */;
			projectDirPath = "";
			projectRoot = "";
			targets = (
				2E0142F31D45BF52008895AC /* Ratings */,
			);
		};
/* End PBXProject section */

/* Begin PBXResourcesBuildPhase section */
		2E0142F21D45BF52008895AC /* Resources */ = {
			isa = PBXResourcesBuildPhase;
			buildActionMask = 2147483647;
			files = (
				2EB90BC61D4B012A00B30455 /* Main.storyboard in Resources */,
				2E0143021D45BF52008895AC /* LaunchScreen.storyboard in Resources */,
				2E0142FF1D45BF52008895AC /* Assets.xcassets in Resources */,
			);
			runOnlyForDeploymentPostprocessing = 0;
		};
/* End PBXResourcesBuildPhase section */

/* Begin PBXSourcesBuildPhase section */
		2E0142F01D45BF52008895AC /* Sources */ = {
			isa = PBXSourcesBuildPhase;
			buildActionMask = 2147483647;
			files = (
				2E01431A1D49E6D4008895AC /* GamePickerViewController.swift in Sources */,
				2E0143141D474546008895AC /* PlayerCell.swift in Sources */,
				2E0142FA1D45BF52008895AC /* ViewController.swift in Sources */,
				2E0142F81D45BF52008895AC /* AppDelegate.swift in Sources */,
				2E0143161D488A25008895AC /* PlayerDetailsViewController.swift in Sources */,
				2E0143101D470C8E008895AC /* SampleData.swift in Sources */,
				2E0143121D470D09008895AC /* Player.swift in Sources */,
				2E01430A1D46121E008895AC /* PlayersViewController.swift in Sources */,
			);
			runOnlyForDeploymentPostprocessing = 0;
		};
/* End PBXSourcesBuildPhase section */

/* Begin PBXVariantGroup section */
		2E0143001D45BF52008895AC /* LaunchScreen.storyboard */ = {
			isa = PBXVariantGroup;
			children = (
				2E0143011D45BF52008895AC /* Base */,
			);
			name = LaunchScreen.storyboard;
			sourceTree = "<group>";
		};
		2EB90BC41D4B012A00B30455 /* Main.storyboard */ = {
			isa = PBXVariantGroup;
			children = (
				2EB90BC51D4B012A00B30455 /* Base */,
			);
			name = Main.storyboard;
			sourceTree = "<group>";
		};
/* End PBXVariantGroup section */

/* Begin XCBuildConfiguration section */
		2E0143041D45BF52008895AC /* Debug */ = {
			isa = XCBuildConfiguration;
			buildSettings = {
				ALWAYS_SEARCH_USER_PATHS = NO;
				CLANG_ANALYZER_NONNULL = YES;
				CLANG_CXX_LANGUAGE_STANDARD = "gnu++0x";
				CLANG_CXX_LIBRARY = "libc++";
				CLANG_ENABLE_MODULES = YES;
				CLANG_ENABLE_OBJC_ARC = YES;
				CLANG_WARN_BOOL_CONVERSION = YES;
				CLANG_WARN_CONSTANT_CONVERSION = YES;
				CLANG_WARN_DIRECT_OBJC_ISA_USAGE = YES_ERROR;
				CLANG_WARN_EMPTY_BODY = YES;
				CLANG_WARN_ENUM_CONVERSION = YES;
				CLANG_WARN_INT_CONVERSION = YES;
				CLANG_WARN_OBJC_ROOT_CLASS = YES_ERROR;
				CLANG_WARN_UNREACHABLE_CODE = YES;
				CLANG_WARN__DUPLICATE_METHOD_MATCH = YES;
				"CODE_SIGN_IDENTITY[sdk=iphoneos*]" = "iPhone Developer";
				COPY_PHASE_STRIP = NO;
				DEBUG_INFORMATION_FORMAT = dwarf;
				ENABLE_STRICT_OBJC_MSGSEND = YES;
				ENABLE_TESTABILITY = YES;
				GCC_C_LANGUAGE_STANDARD = gnu99;
				GCC_DYNAMIC_NO_PIC = NO;
				GCC_NO_COMMON_BLOCKS = YES;
				GCC_OPTIMIZATION_LEVEL = 0;
				GCC_PREPROCESSOR_DEFINITIONS = (
					"DEBUG=1",
					"$(inherited)",
				);
				GCC_WARN_64_TO_32_BIT_CONVERSION = YES;
				GCC_WARN_ABOUT_RETURN_TYPE = YES_ERROR;
				GCC_WARN_UNDECLARED_SELECTOR = YES;
				GCC_WARN_UNINITIALIZED_AUTOS = YES_AGGRESSIVE;
				GCC_WARN_UNUSED_FUNCTION = YES;
				GCC_WARN_UNUSED_VARIABLE = YES;
				IPHONEOS_DEPLOYMENT_TARGET = 9.3;
				MTL_ENABLE_DEBUG_INFO = YES;
				ONLY_ACTIVE_ARCH = YES;
				SDKROOT = iphoneos;
				SWIFT_OPTIMIZATION_LEVEL = "-Onone";
			};
			name = Debug;
		};
		2E0143051D45BF52008895AC /* Release */ = {
			isa = XCBuildConfiguration;
			buildSettings = {
				ALWAYS_SEARCH_USER_PATHS = NO;
				CLANG_ANALYZER_NONNULL = YES;
				CLANG_CXX_LANGUAGE_STANDARD = "gnu++0x";
				CLANG_CXX_LIBRARY = "libc++";
				CLANG_ENABLE_MODULES = YES;
				CLANG_ENABLE_OBJC_ARC = YES;
				CLANG_WARN_BOOL_CONVERSION = YES;
				CLANG_WARN_CONSTANT_CONVERSION = YES;
				CLANG_WARN_DIRECT_OBJC_ISA_USAGE = YES_ERROR;
				CLANG_WARN_EMPTY_BODY = YES;
				CLANG_WARN_ENUM_CONVERSION = YES;
				CLANG_WARN_INT_CONVERSION = YES;
				CLANG_WARN_OBJC_ROOT_CLASS = YES_ERROR;
				CLANG_WARN_UNREACHABLE_CODE = YES;
				CLANG_WARN__DUPLICATE_METHOD_MATCH = YES;
				"CODE_SIGN_IDENTITY[sdk=iphoneos*]" = "iPhone Developer";
				COPY_PHASE_STRIP = NO;
				DEBUG_INFORMATION_FORMAT = "dwarf-with-dsym";
				ENABLE_NS_ASSERTIONS = NO;
				ENABLE_STRICT_OBJC_MSGSEND = YES;
				GCC_C_LANGUAGE_STANDARD = gnu99;
				GCC_NO_COMMON_BLOCKS = YES;
				GCC_WARN_64_TO_32_BIT_CONVERSION = YES;
				GCC_WARN_ABOUT_RETURN_TYPE = YES_ERROR;
				GCC_WARN_UNDECLARED_SELECTOR = YES;
				GCC_WARN_UNINITIALIZED_AUTOS = YES_AGGRESSIVE;
				GCC_WARN_UNUSED_FUNCTION = YES;
				GCC_WARN_UNUSED_VARIABLE = YES;
				IPHONEOS_DEPLOYMENT_TARGET = 9.3;
				MTL_ENABLE_DEBUG_INFO = NO;
				SDKROOT = iphoneos;
				VALIDATE_PRODUCT = YES;
			};
			name = Release;
		};
		2E0143071D45BF52008895AC /* Debug */ = {
			isa = XCBuildConfiguration;
			buildSettings = {
				ASSETCATALOG_COMPILER_APPICON_NAME = AppIcon;
				INFOPLIST_FILE = Ratings/Info.plist;
				LD_RUNPATH_SEARCH_PATHS = "$(inherited) @executable_path/Frameworks";
				PRODUCT_BUNDLE_IDENTIFIER = zjhy.Ratings;
				PRODUCT_NAME = "$(TARGET_NAME)";
			};
			name = Debug;
		};
		2E0143081D45BF52008895AC /* Release */ = {
			isa = XCBuildConfiguration;
			buildSettings = {
				ASSETCATALOG_COMPILER_APPICON_NAME = AppIcon;
				INFOPLIST_FILE = Ratings/Info.plist;
				LD_RUNPATH_SEARCH_PATHS = "$(inherited) @executable_path/Frameworks";
				PRODUCT_BUNDLE_IDENTIFIER = zjhy.Ratings;
				PRODUCT_NAME = "$(TARGET_NAME)";
			};
			name = Release;
		};
/* End XCBuildConfiguration section */

/* Begin XCConfigurationList section */
		2E0142EF1D45BF52008895AC /* Build configuration list for PBXProject "Ratings" */ = {
			isa = XCConfigurationList;
			buildConfigurations = (
				2E0143041D45BF52008895AC /* Debug */,
				2E0143051D45BF52008895AC /* Release */,
			);
			defaultConfigurationIsVisible = 0;
			defaultConfigurationName = Release;
		};
		2E0143061D45BF52008895AC /* Build configuration list for PBXNativeTarget "Ratings" */ = {
			isa = XCConfigurationList;
			buildConfigurations = (
				2E0143071D45BF52008895AC /* Debug */,
				2E0143081D45BF52008895AC /* Release */,
			);
			defaultConfigurationIsVisible = 0;
			defaultConfigurationName = Release;
		};
/* End XCConfigurationList section */
	};
	rootObject = 2E0142EC1D45BF52008895AC /* Project object */;
}
